
Microsoft Visual Studio Solution File, Format Version 12.00
# Visual Studio Version 17
VisualStudioVersion = 17.4.33205.214
MinimumVisualStudioVersion = 10.0.40219.1
Project("{FAE04EC0-301F-11D3-BF4B-00C04F79EFBC}") = "EmployeeManagement", "EmployeeManagement\EmployeeManagement.csproj", "{AA232483-10F6-4AC1-8D4B-B2E57CD8460A}"
EndProject
Global
	GlobalSection(SolutionConfigurationPlatforms) = preSolution
		Debug|Any CPU = Debug|Any CPU
		Release|Any CPU = Release|Any CPU
	EndGlobalSection
	GlobalSection(ProjectConfigurationPlatforms) = postSolution
		{AA232483-10F6-4AC1-8D4B-B2E57CD8460A}.Debug|Any CPU.ActiveCfg = Debug|Any CPU
		{AA232483-10F6-4AC1-8D4B-B2E57CD8460A}.Debug|Any CPU.Build.0 = Debug|Any CPU
		{AA232483-10F6-4AC1-8D4B-B2E57CD8460A}.Release|Any CPU.ActiveCfg = Release|Any CPU
		{AA232483-10F6-4AC1-8D4B-B2E57CD8460A}.Release|Any CPU.Build.0 = Release|Any CPU
	EndGlobalSection
	GlobalSection(SolutionProperties) = preSolution
		HideSolutionNode = FALSE
	EndGlobalSection
	GlobalSection(ExtensibilityGlobals) = postSolution
		SolutionGuid = {3813BE7F-8B8F-4A67-8748-3F404FAEABFC}
	EndGlobalSection
EndGlobal
